
Microsoft Visual Studio Solution File, Format Version 12.00
# Visual Studio Version 17
VisualStudioVersion = 17.4.33213.308
MinimumVisualStudioVersion = 10.0.40219.1
Project("{9A19103F-16F7-4668-BE54-9A1E7A4F7556}") = "WeaselServicesAPI", "WeaselServicesAPI\WeaselServicesAPI.csproj", "{0CE760D4-4C0F-40C6-BF3D-C11C31387D15}"
	ProjectSection(ProjectDependencies) = postProject
		{5B748EEF-C861-4D1F-9E00-449A27EE6649} = {5B748EEF-C861-4D1F-9E00-449A27EE6649}
		{724FF293-C8E0-422B-8472-BBEB5F0DA55A} = {724FF293-C8E0-422B-8472-BBEB5F0DA55A}
		{73136897-1D70-46D4-A126-5ECF523695E7} = {73136897-1D70-46D4-A126-5ECF523695E7}
		{9CCCBF8B-2CF8-4B66-86DD-F805473C3574} = {9CCCBF8B-2CF8-4B66-86DD-F805473C3574}
	EndProjectSection
EndProject
Project("{00D1A9C2-B5F0-4AF3-8072-F6C62B433612}") = "Database", "Database\Database.sqlproj", "{BE27AA39-F2E3-4096-9B0A-7EF2D9E09DC8}"
EndProject
Project("{9A19103F-16F7-4668-BE54-9A1E7A4F7556}") = "DataAccessLayer", "DataAccessLayer\DataAccessLayer.csproj", "{9CCCBF8B-2CF8-4B66-86DD-F805473C3574}"
EndProject
Project("{9A19103F-16F7-4668-BE54-9A1E7A4F7556}") = "SpotifyAPILibrary", "SpotifyAPILibrary\SpotifyAPILibrary.csproj", "{73136897-1D70-46D4-A126-5ECF523695E7}"
EndProject
Project("{9A19103F-16F7-4668-BE54-9A1E7A4F7556}") = "PortfolioLibrary", "PortfolioLibrary\PortfolioLibrary.csproj", "{5B748EEF-C861-4D1F-9E00-449A27EE6649}"
	ProjectSection(ProjectDependencies) = postProject
		{9CCCBF8B-2CF8-4B66-86DD-F805473C3574} = {9CCCBF8B-2CF8-4B66-86DD-F805473C3574}
	EndProjectSection
EndProject
Project("{FAE04EC0-301F-11D3-BF4B-00C04F79EFBC}") = "EmailService", "EmailService\EmailService.csproj", "{724FF293-C8E0-422B-8472-BBEB5F0DA55A}"
EndProject
Global
	GlobalSection(SolutionConfigurationPlatforms) = preSolution
		Debug|Any CPU = Debug|Any CPU
		Development|Any CPU = Development|Any CPU
		Production|Any CPU = Production|Any CPU
		QA|Any CPU = QA|Any CPU
		Release|Any CPU = Release|Any CPU
	EndGlobalSection
	GlobalSection(ProjectConfigurationPlatforms) = postSolution
		{0CE760D4-4C0F-40C6-BF3D-C11C31387D15}.Debug|Any CPU.ActiveCfg = Debug|Any CPU
		{0CE760D4-4C0F-40C6-BF3D-C11C31387D15}.Debug|Any CPU.Build.0 = Debug|Any CPU
		{0CE760D4-4C0F-40C6-BF3D-C11C31387D15}.Development|Any CPU.ActiveCfg = Debug|Any CPU
		{0CE760D4-4C0F-40C6-BF3D-C11C31387D15}.Development|Any CPU.Build.0 = Debug|Any CPU
		{0CE760D4-4C0F-40C6-BF3D-C11C31387D15}.Production|Any CPU.ActiveCfg = Release|Any CPU
		{0CE760D4-4C0F-40C6-BF3D-C11C31387D15}.Production|Any CPU.Build.0 = Release|Any CPU
		{0CE760D4-4C0F-40C6-BF3D-C11C31387D15}.QA|Any CPU.ActiveCfg = QA|Any CPU
		{0CE760D4-4C0F-40C6-BF3D-C11C31387D15}.QA|Any CPU.Build.0 = QA|Any CPU
		{0CE760D4-4C0F-40C6-BF3D-C11C31387D15}.Release|Any CPU.ActiveCfg = Release|Any CPU
		{0CE760D4-4C0F-40C6-BF3D-C11C31387D15}.Release|Any CPU.Build.0 = Release|Any CPU
		{BE27AA39-F2E3-4096-9B0A-7EF2D9E09DC8}.Debug|Any CPU.ActiveCfg = Debug|Any CPU
		{BE27AA39-F2E3-4096-9B0A-7EF2D9E09DC8}.Debug|Any CPU.Build.0 = Debug|Any CPU
		{BE27AA39-F2E3-4096-9B0A-7EF2D9E09DC8}.Debug|Any CPU.Deploy.0 = Debug|Any CPU
		{BE27AA39-F2E3-4096-9B0A-7EF2D9E09DC8}.Development|Any CPU.ActiveCfg = Debug|Any CPU
		{BE27AA39-F2E3-4096-9B0A-7EF2D9E09DC8}.Development|Any CPU.Build.0 = Debug|Any CPU
		{BE27AA39-F2E3-4096-9B0A-7EF2D9E09DC8}.Development|Any CPU.Deploy.0 = Debug|Any CPU
		{BE27AA39-F2E3-4096-9B0A-7EF2D9E09DC8}.Production|Any CPU.ActiveCfg = Release|Any CPU
		{BE27AA39-F2E3-4096-9B0A-7EF2D9E09DC8}.Production|Any CPU.Build.0 = Release|Any CPU
		{BE27AA39-F2E3-4096-9B0A-7EF2D9E09DC8}.Production|Any CPU.Deploy.0 = Release|Any CPU
		{BE27AA39-F2E3-4096-9B0A-7EF2D9E09DC8}.QA|Any CPU.ActiveCfg = Release|Any CPU
		{BE27AA39-F2E3-4096-9B0A-7EF2D9E09DC8}.QA|Any CPU.Build.0 = Release|Any CPU
		{BE27AA39-F2E3-4096-9B0A-7EF2D9E09DC8}.QA|Any CPU.Deploy.0 = Release|Any CPU
		{BE27AA39-F2E3-4096-9B0A-7EF2D9E09DC8}.Release|Any CPU.ActiveCfg = Release|Any CPU
		{BE27AA39-F2E3-4096-9B0A-7EF2D9E09DC8}.Release|Any CPU.Build.0 = Release|Any CPU
		{BE27AA39-F2E3-4096-9B0A-7EF2D9E09DC8}.Release|Any CPU.Deploy.0 = Release|Any CPU
		{9CCCBF8B-2CF8-4B66-86DD-F805473C3574}.Debug|Any CPU.ActiveCfg = Debug|Any CPU
		{9CCCBF8B-2CF8-4B66-86DD-F805473C3574}.Debug|Any CPU.Build.0 = Debug|Any CPU
		{9CCCBF8B-2CF8-4B66-86DD-F805473C3574}.Development|Any CPU.ActiveCfg = Debug|Any CPU
		{9CCCBF8B-2CF8-4B66-86DD-F805473C3574}.Development|Any CPU.Build.0 = Debug|Any CPU
		{9CCCBF8B-2CF8-4B66-86DD-F805473C3574}.Production|Any CPU.ActiveCfg = Release|Any CPU
		{9CCCBF8B-2CF8-4B66-86DD-F805473C3574}.Production|Any CPU.Build.0 = Release|Any CPU
		{9CCCBF8B-2CF8-4B66-86DD-F805473C3574}.QA|Any CPU.ActiveCfg = QA|Any CPU
		{9CCCBF8B-2CF8-4B66-86DD-F805473C3574}.QA|Any CPU.Build.0 = QA|Any CPU
		{9CCCBF8B-2CF8-4B66-86DD-F805473C3574}.Release|Any CPU.ActiveCfg = Release|Any CPU
		{9CCCBF8B-2CF8-4B66-86DD-F805473C3574}.Release|Any CPU.Build.0 = Release|Any CPU
		{73136897-1D70-46D4-A126-5ECF523695E7}.Debug|Any CPU.ActiveCfg = Debug|Any CPU
		{73136897-1D70-46D4-A126-5ECF523695E7}.Debug|Any CPU.Build.0 = Debug|Any CPU
		{73136897-1D70-46D4-A126-5ECF523695E7}.Development|Any CPU.ActiveCfg = Debug|Any CPU
		{73136897-1D70-46D4-A126-5ECF523695E7}.Development|Any CPU.Build.0 = Debug|Any CPU
		{73136897-1D70-46D4-A126-5ECF523695E7}.Production|Any CPU.ActiveCfg = Release|Any CPU
		{73136897-1D70-46D4-A126-5ECF523695E7}.Production|Any CPU.Build.0 = Release|Any CPU
		{73136897-1D70-46D4-A126-5ECF523695E7}.QA|Any CPU.ActiveCfg = QA|Any CPU
		{73136897-1D70-46D4-A126-5ECF523695E7}.QA|Any CPU.Build.0 = QA|Any CPU
		{73136897-1D70-46D4-A126-5ECF523695E7}.Release|Any CPU.ActiveCfg = Release|Any CPU
		{73136897-1D70-46D4-A126-5ECF523695E7}.Release|Any CPU.Build.0 = Release|Any CPU
		{5B748EEF-C861-4D1F-9E00-449A27EE6649}.Debug|Any CPU.ActiveCfg = Debug|Any CPU
		{5B748EEF-C861-4D1F-9E00-449A27EE6649}.Debug|Any CPU.Build.0 = Debug|Any CPU
		{5B748EEF-C861-4D1F-9E00-449A27EE6649}.Development|Any CPU.ActiveCfg = Debug|Any CPU
		{5B748EEF-C861-4D1F-9E00-449A27EE6649}.Development|Any CPU.Build.0 = Debug|Any CPU
		{5B748EEF-C861-4D1F-9E00-449A27EE6649}.Production|Any CPU.ActiveCfg = Release|Any CPU
		{5B748EEF-C861-4D1F-9E00-449A27EE6649}.Production|Any CPU.Build.0 = Release|Any CPU
		{5B748EEF-C861-4D1F-9E00-449A27EE6649}.QA|Any CPU.ActiveCfg = QA|Any CPU
		{5B748EEF-C861-4D1F-9E00-449A27EE6649}.QA|Any CPU.Build.0 = QA|Any CPU
		{5B748EEF-C861-4D1F-9E00-449A27EE6649}.Release|Any CPU.ActiveCfg = Release|Any CPU
		{5B748EEF-C861-4D1F-9E00-449A27EE6649}.Release|Any CPU.Build.0 = Release|Any CPU
		{724FF293-C8E0-422B-8472-BBEB5F0DA55A}.Debug|Any CPU.ActiveCfg = Debug|Any CPU
		{724FF293-C8E0-422B-8472-BBEB5F0DA55A}.Debug|Any CPU.Build.0 = Debug|Any CPU
		{724FF293-C8E0-422B-8472-BBEB5F0DA55A}.Development|Any CPU.ActiveCfg = Debug|Any CPU
		{724FF293-C8E0-422B-8472-BBEB5F0DA55A}.Development|Any CPU.Build.0 = Debug|Any CPU
		{724FF293-C8E0-422B-8472-BBEB5F0DA55A}.Production|Any CPU.ActiveCfg = Debug|Any CPU
		{724FF293-C8E0-422B-8472-BBEB5F0DA55A}.Production|Any CPU.Build.0 = Debug|Any CPU
		{724FF293-C8E0-422B-8472-BBEB5F0DA55A}.QA|Any CPU.ActiveCfg = Debug|Any CPU
		{724FF293-C8E0-422B-8472-BBEB5F0DA55A}.QA|Any CPU.Build.0 = Debug|Any CPU
		{724FF293-C8E0-422B-8472-BBEB5F0DA55A}.Release|Any CPU.ActiveCfg = Release|Any CPU
		{724FF293-C8E0-422B-8472-BBEB5F0DA55A}.Release|Any CPU.Build.0 = Release|Any CPU
	EndGlobalSection
	GlobalSection(SolutionProperties) = preSolution
		HideSolutionNode = FALSE
	EndGlobalSection
	GlobalSection(ExtensibilityGlobals) = postSolution
		SolutionGuid = {E20F175B-9B97-4332-8C88-6E4C4985C9E3}
	EndGlobalSection
EndGlobal
